// !$*UTF8*$!
{
	archiveVersion = 1;
	classes = {
	};
	objectVersion = 55;
	objects = {

/* Begin PBXBuildFile section */
		9D7D67FC278AD367007DD747 /* PopularTableViewCell.swift in Sources */ = {isa = PBXBuildFile; fileRef = 9D7D67FB278AD367007DD747 /* PopularTableViewCell.swift */; };
		9D7D67FE278B0FCE007DD747 /* DetailViewController.swift in Sources */ = {isa = PBXBuildFile; fileRef = 9D7D67FD278B0FCE007DD747 /* DetailViewController.swift */; };
		9D7D6800278B1410007DD747 /* DetailCollectionViewCell.swift in Sources */ = {isa = PBXBuildFile; fileRef = 9D7D67FF278B1410007DD747 /* DetailCollectionViewCell.swift */; };
		9D7D6802278C6AFD007DD747 /* SearchTableViewCell.swift in Sources */ = {isa = PBXBuildFile; fileRef = 9D7D6801278C6AFD007DD747 /* SearchTableViewCell.swift */; };
		9D7D6804278C6B83007DD747 /* SearchTableViewController.swift in Sources */ = {isa = PBXBuildFile; fileRef = 9D7D6803278C6B83007DD747 /* SearchTableViewController.swift */; };
		9D7D6806278C9823007DD747 /* BackDropCollectionViewCell.swift in Sources */ = {isa = PBXBuildFile; fileRef = 9D7D6805278C9823007DD747 /* BackDropCollectionViewCell.swift */; };
		9DA5EB4C278875D400E3D9AA /* AppDelegate.swift in Sources */ = {isa = PBXBuildFile; fileRef = 9DA5EB4B278875D400E3D9AA /* AppDelegate.swift */; };
		9DA5EB4E278875D400E3D9AA /* SceneDelegate.swift in Sources */ = {isa = PBXBuildFile; fileRef = 9DA5EB4D278875D400E3D9AA /* SceneDelegate.swift */; };
		9DA5EB53278875D400E3D9AA /* Main.storyboard in Resources */ = {isa = PBXBuildFile; fileRef = 9DA5EB51278875D400E3D9AA /* Main.storyboard */; };
		9DA5EB55278875D600E3D9AA /* Assets.xcassets in Resources */ = {isa = PBXBuildFile; fileRef = 9DA5EB54278875D600E3D9AA /* Assets.xcassets */; };
		9DA5EB58278875D600E3D9AA /* LaunchScreen.storyboard in Resources */ = {isa = PBXBuildFile; fileRef = 9DA5EB56278875D600E3D9AA /* LaunchScreen.storyboard */; };
		9DA5EB602788765300E3D9AA /* MovieService.swift in Sources */ = {isa = PBXBuildFile; fileRef = 9DA5EB5F2788765300E3D9AA /* MovieService.swift */; };
		9DA5EB63278876D200E3D9AA /* MovieItem.swift in Sources */ = {isa = PBXBuildFile; fileRef = 9DA5EB62278876D200E3D9AA /* MovieItem.swift */; };
		9DA5EB6E2789BB4900E3D9AA /* FeatureViewController.swift in Sources */ = {isa = PBXBuildFile; fileRef = 9DA5EB6D2789BB4900E3D9AA /* FeatureViewController.swift */; };
		9DA5EB702789BC1F00E3D9AA /* BestCollectionViewCell.swift in Sources */ = {isa = PBXBuildFile; fileRef = 9DA5EB6F2789BC1F00E3D9AA /* BestCollectionViewCell.swift */; };
/* End PBXBuildFile section */

/* Begin PBXFileReference section */
		9D7D67FB278AD367007DD747 /* PopularTableViewCell.swift */ = {isa = PBXFileReference; lastKnownFileType = sourcecode.swift; path = PopularTableViewCell.swift; sourceTree = "<group>"; };
		9D7D67FD278B0FCE007DD747 /* DetailViewController.swift */ = {isa = PBXFileReference; lastKnownFileType = sourcecode.swift; path = DetailViewController.swift; sourceTree = "<group>"; };
		9D7D67FF278B1410007DD747 /* DetailCollectionViewCell.swift */ = {isa = PBXFileReference; lastKnownFileType = sourcecode.swift; path = DetailCollectionViewCell.swift; sourceTree = "<group>"; };
		9D7D6801278C6AFD007DD747 /* SearchTableViewCell.swift */ = {isa = PBXFileReference; lastKnownFileType = sourcecode.swift; path = SearchTableViewCell.swift; sourceTree = "<group>"; };
		9D7D6803278C6B83007DD747 /* SearchTableViewController.swift */ = {isa = PBXFileReference; lastKnownFileType = sourcecode.swift; path = SearchTableViewController.swift; sourceTree = "<group>"; };
		9D7D6805278C9823007DD747 /* BackDropCollectionViewCell.swift */ = {isa = PBXFileReference; lastKnownFileType = sourcecode.swift; path = BackDropCollectionViewCell.swift; sourceTree = "<group>"; };
		9DA5EB48278875D400E3D9AA /* TMDB.app */ = {isa = PBXFileReference; explicitFileType = wrapper.application; includeInIndex = 0; path = TMDB.app; sourceTree = BUILT_PRODUCTS_DIR; };
		9DA5EB4B278875D400E3D9AA /* AppDelegate.swift */ = {isa = PBXFileReference; lastKnownFileType = sourcecode.swift; path = AppDelegate.swift; sourceTree = "<group>"; };
		9DA5EB4D278875D400E3D9AA /* SceneDelegate.swift */ = {isa = PBXFileReference; lastKnownFileType = sourcecode.swift; path = SceneDelegate.swift; sourceTree = "<group>"; };
		9DA5EB52278875D400E3D9AA /* Base */ = {isa = PBXFileReference; lastKnownFileType = file.storyboard; name = Base; path = Base.lproj/Main.storyboard; sourceTree = "<group>"; };
		9DA5EB54278875D600E3D9AA /* Assets.xcassets */ = {isa = PBXFileReference; lastKnownFileType = folder.assetcatalog; path = Assets.xcassets; sourceTree = "<group>"; };
		9DA5EB57278875D600E3D9AA /* Base */ = {isa = PBXFileReference; lastKnownFileType = file.storyboard; name = Base; path = Base.lproj/LaunchScreen.storyboard; sourceTree = "<group>"; };
		9DA5EB59278875D600E3D9AA /* Info.plist */ = {isa = PBXFileReference; lastKnownFileType = text.plist.xml; path = Info.plist; sourceTree = "<group>"; };
		9DA5EB5F2788765300E3D9AA /* MovieService.swift */ = {isa = PBXFileReference; lastKnownFileType = sourcecode.swift; path = MovieService.swift; sourceTree = "<group>"; };
		9DA5EB62278876D200E3D9AA /* MovieItem.swift */ = {isa = PBXFileReference; lastKnownFileType = sourcecode.swift; path = MovieItem.swift; sourceTree = "<group>"; };
		9DA5EB6D2789BB4900E3D9AA /* FeatureViewController.swift */ = {isa = PBXFileReference; lastKnownFileType = sourcecode.swift; path = FeatureViewController.swift; sourceTree = "<group>"; };
		9DA5EB6F2789BC1F00E3D9AA /* BestCollectionViewCell.swift */ = {isa = PBXFileReference; lastKnownFileType = sourcecode.swift; path = BestCollectionViewCell.swift; sourceTree = "<group>"; };
/* End PBXFileReference section */

/* Begin PBXFrameworksBuildPhase section */
		9DA5EB45278875D400E3D9AA /* Frameworks */ = {
			isa = PBXFrameworksBuildPhase;
			buildActionMask = 2147483647;
			files = (
			);
			runOnlyForDeploymentPostprocessing = 0;
		};
/* End PBXFrameworksBuildPhase section */

/* Begin PBXGroup section */
		9DA5EB3F278875D400E3D9AA = {
			isa = PBXGroup;
			children = (
				9DA5EB4A278875D400E3D9AA /* TMDB */,
				9DA5EB49278875D400E3D9AA /* Products */,
			);
			sourceTree = "<group>";
		};
		9DA5EB49278875D400E3D9AA /* Products */ = {
			isa = PBXGroup;
			children = (
				9DA5EB48278875D400E3D9AA /* TMDB.app */,
			);
			name = Products;
			sourceTree = "<group>";
		};
		9DA5EB4A278875D400E3D9AA /* TMDB */ = {
			isa = PBXGroup;
			children = (
				9DA5EB4B278875D400E3D9AA /* AppDelegate.swift */,
				9DA5EB4D278875D400E3D9AA /* SceneDelegate.swift */,
				9DA5EB612788766300E3D9AA /* Model */,
				9DA5EB642789326B00E3D9AA /* Control */,
				9DA5EB51278875D400E3D9AA /* Main.storyboard */,
				9DA5EB54278875D600E3D9AA /* Assets.xcassets */,
				9DA5EB56278875D600E3D9AA /* LaunchScreen.storyboard */,
				9DA5EB59278875D600E3D9AA /* Info.plist */,
			);
			path = TMDB;
			sourceTree = "<group>";
		};
		9DA5EB612788766300E3D9AA /* Model */ = {
			isa = PBXGroup;
			children = (
				9DA5EB5F2788765300E3D9AA /* MovieService.swift */,
				9DA5EB62278876D200E3D9AA /* MovieItem.swift */,
			);
			path = Model;
			sourceTree = "<group>";
		};
		9DA5EB642789326B00E3D9AA /* Control */ = {
			isa = PBXGroup;
			children = (
				9DA5EB6D2789BB4900E3D9AA /* FeatureViewController.swift */,
				9DA5EB6F2789BC1F00E3D9AA /* BestCollectionViewCell.swift */,
				9D7D67FB278AD367007DD747 /* PopularTableViewCell.swift */,
				9D7D67FD278B0FCE007DD747 /* DetailViewController.swift */,
				9D7D67FF278B1410007DD747 /* DetailCollectionViewCell.swift */,
				9D7D6805278C9823007DD747 /* BackDropCollectionViewCell.swift */,
				9D7D6803278C6B83007DD747 /* SearchTableViewController.swift */,
				9D7D6801278C6AFD007DD747 /* SearchTableViewCell.swift */,
			);
			path = Control;
			sourceTree = "<group>";
		};
/* End PBXGroup section */

/* Begin PBXNativeTarget section */
		9DA5EB47278875D400E3D9AA /* TMDB */ = {
			isa = PBXNativeTarget;
			buildConfigurationList = 9DA5EB5C278875D600E3D9AA /* Build configuration list for PBXNativeTarget "TMDB" */;
			buildPhases = (
				9DA5EB44278875D400E3D9AA /* Sources */,
				9DA5EB45278875D400E3D9AA /* Frameworks */,
				9DA5EB46278875D400E3D9AA /* Resources */,
			);
			buildRules = (
			);
			dependencies = (
			);
			name = TMDB;
			productName = TMDB;
			productReference = 9DA5EB48278875D400E3D9AA /* TMDB.app */;
			productType = "com.apple.product-type.application";
		};
/* End PBXNativeTarget section */

/* Begin PBXProject section */
		9DA5EB40278875D400E3D9AA /* Project object */ = {
			isa = PBXProject;
			attributes = {
				BuildIndependentTargetsInParallel = 1;
				LastSwiftUpdateCheck = 1320;
				LastUpgradeCheck = 1320;
				TargetAttributes = {
					9DA5EB47278875D400E3D9AA = {
						CreatedOnToolsVersion = 13.2;
					};
				};
			};
			buildConfigurationList = 9DA5EB43278875D400E3D9AA /* Build configuration list for PBXProject "TMDB" */;
			compatibilityVersion = "Xcode 13.0";
			developmentRegion = en;
			hasScannedForEncodings = 0;
			knownRegions = (
				en,
				Base,
			);
			mainGroup = 9DA5EB3F278875D400E3D9AA;
			productRefGroup = 9DA5EB49278875D400E3D9AA /* Products */;
			projectDirPath = "";
			projectRoot = "";
			targets = (
				9DA5EB47278875D400E3D9AA /* TMDB */,
			);
		};
/* End PBXProject section */

/* Begin PBXResourcesBuildPhase section */
		9DA5EB46278875D400E3D9AA /* Resources */ = {
			isa = PBXResourcesBuildPhase;
			buildActionMask = 2147483647;
			files = (
				9DA5EB58278875D600E3D9AA /* LaunchScreen.storyboard in Resources */,
				9DA5EB55278875D600E3D9AA /* Assets.xcassets in Resources */,
				9DA5EB53278875D400E3D9AA /* Main.storyboard in Resources */,
			);
			runOnlyForDeploymentPostprocessing = 0;
		};
/* End PBXResourcesBuildPhase section */

/* Begin PBXSourcesBuildPhase section */
		9DA5EB44278875D400E3D9AA /* Sources */ = {
			isa = PBXSourcesBuildPhase;
			buildActionMask = 2147483647;
			files = (
				9D7D6806278C9823007DD747 /* BackDropCollectionViewCell.swift in Sources */,
				9DA5EB4C278875D400E3D9AA /* AppDelegate.swift in Sources */,
				9DA5EB6E2789BB4900E3D9AA /* FeatureViewController.swift in Sources */,
				9DA5EB63278876D200E3D9AA /* MovieItem.swift in Sources */,
				9DA5EB602788765300E3D9AA /* MovieService.swift in Sources */,
				9D7D67FC278AD367007DD747 /* PopularTableViewCell.swift in Sources */,
				9DA5EB4E278875D400E3D9AA /* SceneDelegate.swift in Sources */,
				9DA5EB702789BC1F00E3D9AA /* BestCollectionViewCell.swift in Sources */,
				9D7D67FE278B0FCE007DD747 /* DetailViewController.swift in Sources */,
				9D7D6804278C6B83007DD747 /* SearchTableViewController.swift in Sources */,
				9D7D6800278B1410007DD747 /* DetailCollectionViewCell.swift in Sources */,
				9D7D6802278C6AFD007DD747 /* SearchTableViewCell.swift in Sources */,
			);
			runOnlyForDeploymentPostprocessing = 0;
		};
/* End PBXSourcesBuildPhase section */

/* Begin PBXVariantGroup section */
		9DA5EB51278875D400E3D9AA /* Main.storyboard */ = {
			isa = PBXVariantGroup;
			children = (
				9DA5EB52278875D400E3D9AA /* Base */,
			);
			name = Main.storyboard;
			sourceTree = "<group>";
		};
		9DA5EB56278875D600E3D9AA /* LaunchScreen.storyboard */ = {
			isa = PBXVariantGroup;
			children = (
				9DA5EB57278875D600E3D9AA /* Base */,
			);
			name = LaunchScreen.storyboard;
			sourceTree = "<group>";
		};
/* End PBXVariantGroup section */

/* Begin XCBuildConfiguration section */
		9DA5EB5A278875D600E3D9AA /* Debug */ = {
			isa = XCBuildConfiguration;
			buildSettings = {
				ALWAYS_SEARCH_USER_PATHS = NO;
				CLANG_ANALYZER_NONNULL = YES;
				CLANG_ANALYZER_NUMBER_OBJECT_CONVERSION = YES_AGGRESSIVE;
				CLANG_CXX_LANGUAGE_STANDARD = "gnu++17";
				CLANG_CXX_LIBRARY = "libc++";
				CLANG_ENABLE_MODULES = YES;
				CLANG_ENABLE_OBJC_ARC = YES;
				CLANG_ENABLE_OBJC_WEAK = YES;
				CLANG_WARN_BLOCK_CAPTURE_AUTORELEASING = YES;
				CLANG_WARN_BOOL_CONVERSION = YES;
				CLANG_WARN_COMMA = YES;
				CLANG_WARN_CONSTANT_CONVERSION = YES;
				CLANG_WARN_DEPRECATED_OBJC_IMPLEMENTATIONS = YES;
				CLANG_WARN_DIRECT_OBJC_ISA_USAGE = YES_ERROR;
				CLANG_WARN_DOCUMENTATION_COMMENTS = YES;
				CLANG_WARN_EMPTY_BODY = YES;
				CLANG_WARN_ENUM_CONVERSION = YES;
				CLANG_WARN_INFINITE_RECURSION = YES;
				CLANG_WARN_INT_CONVERSION = YES;
				CLANG_WARN_NON_LITERAL_NULL_CONVERSION = YES;
				CLANG_WARN_OBJC_IMPLICIT_RETAIN_SELF = YES;
				CLANG_WARN_OBJC_LITERAL_CONVERSION = YES;
				CLANG_WARN_OBJC_ROOT_CLASS = YES_ERROR;
				CLANG_WARN_QUOTED_INCLUDE_IN_FRAMEWORK_HEADER = YES;
				CLANG_WARN_RANGE_LOOP_ANALYSIS = YES;
				CLANG_WARN_STRICT_PROTOTYPES = YES;
				CLANG_WARN_SUSPICIOUS_MOVE = YES;
				CLANG_WARN_UNGUARDED_AVAILABILITY = YES_AGGRESSIVE;
				CLANG_WARN_UNREACHABLE_CODE = YES;
				CLANG_WARN__DUPLICATE_METHOD_MATCH = YES;
				COPY_PHASE_STRIP = NO;
				DEBUG_INFORMATION_FORMAT = dwarf;
				ENABLE_STRICT_OBJC_MSGSEND = YES;
				ENABLE_TESTABILITY = YES;
				GCC_C_LANGUAGE_STANDARD = gnu11;
				GCC_DYNAMIC_NO_PIC = NO;
				GCC_NO_COMMON_BLOCKS = YES;
				GCC_OPTIMIZATION_LEVEL = 0;
				GCC_PREPROCESSOR_DEFINITIONS = (
					"DEBUG=1",
					"$(inherited)",
				);
				GCC_WARN_64_TO_32_BIT_CONVERSION = YES;
				GCC_WARN_ABOUT_RETURN_TYPE = YES_ERROR;
				GCC_WARN_UNDECLARED_SELECTOR = YES;
				GCC_WARN_UNINITIALIZED_AUTOS = YES_AGGRESSIVE;
				GCC_WARN_UNUSED_FUNCTION = YES;
				GCC_WARN_UNUSED_VARIABLE = YES;
				IPHONEOS_DEPLOYMENT_TARGET = 15.2;
				MTL_ENABLE_DEBUG_INFO = INCLUDE_SOURCE;
				MTL_FAST_MATH = YES;
				ONLY_ACTIVE_ARCH = YES;
				SDKROOT = iphoneos;
				SWIFT_ACTIVE_COMPILATION_CONDITIONS = DEBUG;
				SWIFT_OPTIMIZATION_LEVEL = "-Onone";
			};
			name = Debug;
		};
		9DA5EB5B278875D600E3D9AA /* Release */ = {
			isa = XCBuildConfiguration;
			buildSettings = {
				ALWAYS_SEARCH_USER_PATHS = NO;
				CLANG_ANALYZER_NONNULL = YES;
				CLANG_ANALYZER_NUMBER_OBJECT_CONVERSION = YES_AGGRESSIVE;
				CLANG_CXX_LANGUAGE_STANDARD = "gnu++17";
				CLANG_CXX_LIBRARY = "libc++";
				CLANG_ENABLE_MODULES = YES;
				CLANG_ENABLE_OBJC_ARC = YES;
				CLANG_ENABLE_OBJC_WEAK = YES;
				CLANG_WARN_BLOCK_CAPTURE_AUTORELEASING = YES;
				CLANG_WARN_BOOL_CONVERSION = YES;
				CLANG_WARN_COMMA = YES;
				CLANG_WARN_CONSTANT_CONVERSION = YES;
				CLANG_WARN_DEPRECATED_OBJC_IMPLEMENTATIONS = YES;
				CLANG_WARN_DIRECT_OBJC_ISA_USAGE = YES_ERROR;
				CLANG_WARN_DOCUMENTATION_COMMENTS = YES;
				CLANG_WARN_EMPTY_BODY = YES;
				CLANG_WARN_ENUM_CONVERSION = YES;
				CLANG_WARN_INFINITE_RECURSION = YES;
				CLANG_WARN_INT_CONVERSION = YES;
				CLANG_WARN_NON_LITERAL_NULL_CONVERSION = YES;
				CLANG_WARN_OBJC_IMPLICIT_RETAIN_SELF = YES;
				CLANG_WARN_OBJC_LITERAL_CONVERSION = YES;
				CLANG_WARN_OBJC_ROOT_CLASS = YES_ERROR;
				CLANG_WARN_QUOTED_INCLUDE_IN_FRAMEWORK_HEADER = YES;
				CLANG_WARN_RANGE_LOOP_ANALYSIS = YES;
				CLANG_WARN_STRICT_PROTOTYPES = YES;
				CLANG_WARN_SUSPICIOUS_MOVE = YES;
				CLANG_WARN_UNGUARDED_AVAILABILITY = YES_AGGRESSIVE;
				CLANG_WARN_UNREACHABLE_CODE = YES;
				CLANG_WARN__DUPLICATE_METHOD_MATCH = YES;
				COPY_PHASE_STRIP = NO;
				DEBUG_INFORMATION_FORMAT = "dwarf-with-dsym";
				ENABLE_NS_ASSERTIONS = NO;
				ENABLE_STRICT_OBJC_MSGSEND = YES;
				GCC_C_LANGUAGE_STANDARD = gnu11;
				GCC_NO_COMMON_BLOCKS = YES;
				GCC_WARN_64_TO_32_BIT_CONVERSION = YES;
				GCC_WARN_ABOUT_RETURN_TYPE = YES_ERROR;
				GCC_WARN_UNDECLARED_SELECTOR = YES;
				GCC_WARN_UNINITIALIZED_AUTOS = YES_AGGRESSIVE;
				GCC_WARN_UNUSED_FUNCTION = YES;
				GCC_WARN_UNUSED_VARIABLE = YES;
				IPHONEOS_DEPLOYMENT_TARGET = 15.2;
				MTL_ENABLE_DEBUG_INFO = NO;
				MTL_FAST_MATH = YES;
				SDKROOT = iphoneos;
				SWIFT_COMPILATION_MODE = wholemodule;
				SWIFT_OPTIMIZATION_LEVEL = "-O";
				VALIDATE_PRODUCT = YES;
			};
			name = Release;
		};
		9DA5EB5D278875D600E3D9AA /* Debug */ = {
			isa = XCBuildConfiguration;
			buildSettings = {
				ASSETCATALOG_COMPILER_APPICON_NAME = AppIcon;
				ASSETCATALOG_COMPILER_GLOBAL_ACCENT_COLOR_NAME = AccentColor;
				CODE_SIGN_STYLE = Automatic;
				CURRENT_PROJECT_VERSION = 1;
				DEVELOPMENT_TEAM = 2H2SS3HKUX;
				GENERATE_INFOPLIST_FILE = YES;
				INFOPLIST_FILE = TMDB/Info.plist;
				INFOPLIST_KEY_UIApplicationSupportsIndirectInputEvents = YES;
				INFOPLIST_KEY_UILaunchStoryboardName = LaunchScreen;
				INFOPLIST_KEY_UIMainStoryboardFile = Main;
				INFOPLIST_KEY_UISupportedInterfaceOrientations_iPad = "UIInterfaceOrientationPortrait UIInterfaceOrientationPortraitUpsideDown UIInterfaceOrientationLandscapeLeft UIInterfaceOrientationLandscapeRight";
				INFOPLIST_KEY_UISupportedInterfaceOrientations_iPhone = "UIInterfaceOrientationPortrait UIInterfaceOrientationLandscapeLeft UIInterfaceOrientationLandscapeRight";
				LD_RUNPATH_SEARCH_PATHS = (
					"$(inherited)",
					"@executable_path/Frameworks",
				);
				MARKETING_VERSION = 1.0;
				PRODUCT_BUNDLE_IDENTIFIER = design.kylelei.TMDB;
				PRODUCT_NAME = "$(TARGET_NAME)";
				SWIFT_EMIT_LOC_STRINGS = YES;
				SWIFT_VERSION = 5.0;
				TARGETED_DEVICE_FAMILY = 1;
			};
			name = Debug;
		};
		9DA5EB5E278875D600E3D9AA /* Release */ = {
			isa = XCBuildConfiguration;
			buildSettings = {
				ASSETCATALOG_COMPILER_APPICON_NAME = AppIcon;
				ASSETCATALOG_COMPILER_GLOBAL_ACCENT_COLOR_NAME = AccentColor;
				CODE_SIGN_STYLE = Automatic;
				CURRENT_PROJECT_VERSION = 1;
				DEVELOPMENT_TEAM = 2H2SS3HKUX;
				GENERATE_INFOPLIST_FILE = YES;
				INFOPLIST_FILE = TMDB/Info.plist;
				INFOPLIST_KEY_UIApplicationSupportsIndirectInputEvents = YES;
				INFOPLIST_KEY_UILaunchStoryboardName = LaunchScreen;
				INFOPLIST_KEY_UIMainStoryboardFile = Main;
				INFOPLIST_KEY_UISupportedInterfaceOrientations_iPad = "UIInterfaceOrientationPortrait UIInterfaceOrientationPortraitUpsideDown UIInterfaceOrientationLandscapeLeft UIInterfaceOrientationLandscapeRight";
				INFOPLIST_KEY_UISupportedInterfaceOrientations_iPhone = "UIInterfaceOrientationPortrait UIInterfaceOrientationLandscapeLeft UIInterfaceOrientationLandscapeRight";
				LD_RUNPATH_SEARCH_PATHS = (
					"$(inherited)",
					"@executable_path/Frameworks",
				);
				MARKETING_VERSION = 1.0;
				PRODUCT_BUNDLE_IDENTIFIER = design.kylelei.TMDB;
				PRODUCT_NAME = "$(TARGET_NAME)";
				SWIFT_EMIT_LOC_STRINGS = YES;
				SWIFT_VERSION = 5.0;
				TARGETED_DEVICE_FAMILY = 1;
			};
			name = Release;
		};
/* End XCBuildConfiguration section */

/* Begin XCConfigurationList section */
		9DA5EB43278875D400E3D9AA /* Build configuration list for PBXProject "TMDB" */ = {
			isa = XCConfigurationList;
			buildConfigurations = (
				9DA5EB5A278875D600E3D9AA /* Debug */,
				9DA5EB5B278875D600E3D9AA /* Release */,
			);
			defaultConfigurationIsVisible = 0;
			defaultConfigurationName = Release;
		};
		9DA5EB5C278875D600E3D9AA /* Build configuration list for PBXNativeTarget "TMDB" */ = {
			isa = XCConfigurationList;
			buildConfigurations = (
				9DA5EB5D278875D600E3D9AA /* Debug */,
				9DA5EB5E278875D600E3D9AA /* Release */,
			);
			defaultConfigurationIsVisible = 0;
			defaultConfigurationName = Release;
		};
/* End XCConfigurationList section */
	};
	rootObject = 9DA5EB40278875D400E3D9AA /* Project object */;
}
